
Microsoft Visual Studio Solution File, Format Version 12.00
# Visual Studio Version 16
VisualStudioVersion = 16.0.29911.84
MinimumVisualStudioVersion = 10.0.40219.1
Project("{FAE04EC0-301F-11D3-BF4B-00C04F79EFBC}") = "Date and Time", "Date and Time\Date and Time.csproj", "{427EC4FF-EED8-4865-988D-33F192FD3581}"
EndProject
Global
	GlobalSection(SolutionConfigurationPlatforms) = preSolution
		Debug|Any CPU = Debug|Any CPU
		Release|Any CPU = Release|Any CPU
	EndGlobalSection
	GlobalSection(ProjectConfigurationPlatforms) = postSolution
		{427EC4FF-EED8-4865-988D-33F192FD3581}.Debug|Any CPU.ActiveCfg = Debug|Any CPU
		{427EC4FF-EED8-4865-988D-33F192FD3581}.Debug|Any CPU.Build.0 = Debug|Any CPU
		{427EC4FF-EED8-4865-988D-33F192FD3581}.Release|Any CPU.ActiveCfg = Release|Any CPU
		{427EC4FF-EED8-4865-988D-33F192FD3581}.Release|Any CPU.Build.0 = Release|Any CPU
	EndGlobalSection
	GlobalSection(SolutionProperties) = preSolution
		HideSolutionNode = FALSE
	EndGlobalSection
	GlobalSection(ExtensibilityGlobals) = postSolution
		SolutionGuid = {F3439781-0AD8-401A-A16F-F3E8E398C705}
	EndGlobalSection
EndGlobal
