
Microsoft Visual Studio Solution File, Format Version 12.00
# Visual Studio Version 16
VisualStudioVersion = 16.0.29911.84
MinimumVisualStudioVersion = 10.0.40219.1
Project("{FAE04EC0-301F-11D3-BF4B-00C04F79EFBC}") = "Method3", "Method3\Method3.csproj", "{130086EB-F52D-43AE-9562-2ADAAEC5BCB4}"
EndProject
Global
	GlobalSection(SolutionConfigurationPlatforms) = preSolution
		Debug|Any CPU = Debug|Any CPU
		Release|Any CPU = Release|Any CPU
	EndGlobalSection
	GlobalSection(ProjectConfigurationPlatforms) = postSolution
		{130086EB-F52D-43AE-9562-2ADAAEC5BCB4}.Debug|Any CPU.ActiveCfg = Debug|Any CPU
		{130086EB-F52D-43AE-9562-2ADAAEC5BCB4}.Debug|Any CPU.Build.0 = Debug|Any CPU
		{130086EB-F52D-43AE-9562-2ADAAEC5BCB4}.Release|Any CPU.ActiveCfg = Release|Any CPU
		{130086EB-F52D-43AE-9562-2ADAAEC5BCB4}.Release|Any CPU.Build.0 = Release|Any CPU
	EndGlobalSection
	GlobalSection(SolutionProperties) = preSolution
		HideSolutionNode = FALSE
	EndGlobalSection
	GlobalSection(ExtensibilityGlobals) = postSolution
		SolutionGuid = {63B0CDB6-CF10-4BAB-AE61-5A1EB3E56392}
	EndGlobalSection
EndGlobal
