
Microsoft Visual Studio Solution File, Format Version 12.00
# Visual Studio Version 16
VisualStudioVersion = 16.0.29911.84
MinimumVisualStudioVersion = 10.0.40219.1
Project("{FAE04EC0-301F-11D3-BF4B-00C04F79EFBC}") = "loop assignment1", "loop assignment1\loop assignment1.csproj", "{893BE3D3-2C33-48AF-81D9-3E07A9CAEA5E}"
EndProject
Global
	GlobalSection(SolutionConfigurationPlatforms) = preSolution
		Debug|Any CPU = Debug|Any CPU
		Release|Any CPU = Release|Any CPU
	EndGlobalSection
	GlobalSection(ProjectConfigurationPlatforms) = postSolution
		{893BE3D3-2C33-48AF-81D9-3E07A9CAEA5E}.Debug|Any CPU.ActiveCfg = Debug|Any CPU
		{893BE3D3-2C33-48AF-81D9-3E07A9CAEA5E}.Debug|Any CPU.Build.0 = Debug|Any CPU
		{893BE3D3-2C33-48AF-81D9-3E07A9CAEA5E}.Release|Any CPU.ActiveCfg = Release|Any CPU
		{893BE3D3-2C33-48AF-81D9-3E07A9CAEA5E}.Release|Any CPU.Build.0 = Release|Any CPU
	EndGlobalSection
	GlobalSection(SolutionProperties) = preSolution
		HideSolutionNode = FALSE
	EndGlobalSection
	GlobalSection(ExtensibilityGlobals) = postSolution
		SolutionGuid = {EA1E3D87-F073-4017-B46C-955C38B0C26E}
	EndGlobalSection
EndGlobal
