
Microsoft Visual Studio Solution File, Format Version 12.00
# Visual Studio Version 16
VisualStudioVersion = 16.0.29911.84
MinimumVisualStudioVersion = 10.0.40219.1
Project("{FAE04EC0-301F-11D3-BF4B-00C04F79EFBC}") = "MathAndCoparisonOperators", "MathAndCoparisonOperators\MathAndCoparisonOperators.csproj", "{8E2102D3-01C5-4A43-AEC4-73C09D7D633A}"
EndProject
Global
	GlobalSection(SolutionConfigurationPlatforms) = preSolution
		Debug|Any CPU = Debug|Any CPU
		Release|Any CPU = Release|Any CPU
	EndGlobalSection
	GlobalSection(ProjectConfigurationPlatforms) = postSolution
		{8E2102D3-01C5-4A43-AEC4-73C09D7D633A}.Debug|Any CPU.ActiveCfg = Debug|Any CPU
		{8E2102D3-01C5-4A43-AEC4-73C09D7D633A}.Debug|Any CPU.Build.0 = Debug|Any CPU
		{8E2102D3-01C5-4A43-AEC4-73C09D7D633A}.Release|Any CPU.ActiveCfg = Release|Any CPU
		{8E2102D3-01C5-4A43-AEC4-73C09D7D633A}.Release|Any CPU.Build.0 = Release|Any CPU
	EndGlobalSection
	GlobalSection(SolutionProperties) = preSolution
		HideSolutionNode = FALSE
	EndGlobalSection
	GlobalSection(ExtensibilityGlobals) = postSolution
		SolutionGuid = {E2F96C5A-20CA-497A-A17A-62A87DCBD8EE}
	EndGlobalSection
EndGlobal
