
Microsoft Visual Studio Solution File, Format Version 12.00
# Visual Studio Version 16
VisualStudioVersion = 16.0.29911.84
MinimumVisualStudioVersion = 10.0.40219.1
Project("{FAE04EC0-301F-11D3-BF4B-00C04F79EFBC}") = "C Sharp Assignment 1", "C Sharp Assignment 1.csproj", "{BE762DAD-431B-481F-9810-83CB848C8814}"
EndProject
Global
	GlobalSection(SolutionConfigurationPlatforms) = preSolution
		Debug|Any CPU = Debug|Any CPU
		Release|Any CPU = Release|Any CPU
	EndGlobalSection
	GlobalSection(ProjectConfigurationPlatforms) = postSolution
		{BE762DAD-431B-481F-9810-83CB848C8814}.Debug|Any CPU.ActiveCfg = Debug|Any CPU
		{BE762DAD-431B-481F-9810-83CB848C8814}.Debug|Any CPU.Build.0 = Debug|Any CPU
		{BE762DAD-431B-481F-9810-83CB848C8814}.Release|Any CPU.ActiveCfg = Release|Any CPU
		{BE762DAD-431B-481F-9810-83CB848C8814}.Release|Any CPU.Build.0 = Release|Any CPU
	EndGlobalSection
	GlobalSection(SolutionProperties) = preSolution
		HideSolutionNode = FALSE
	EndGlobalSection
	GlobalSection(ExtensibilityGlobals) = postSolution
		SolutionGuid = {B7E2E290-6C1C-48C8-8144-3EDA6FF2D316}
	EndGlobalSection
EndGlobal
