
Microsoft Visual Studio Solution File, Format Version 12.00
# Visual Studio Version 16
VisualStudioVersion = 16.0.29911.84
MinimumVisualStudioVersion = 10.0.40219.1
Project("{FAE04EC0-301F-11D3-BF4B-00C04F79EFBC}") = "Generics", "Generics\Generics.csproj", "{AB161F37-0B06-4ECB-B3CC-5C3AE4446680}"
EndProject
Global
	GlobalSection(SolutionConfigurationPlatforms) = preSolution
		Debug|Any CPU = Debug|Any CPU
		Release|Any CPU = Release|Any CPU
	EndGlobalSection
	GlobalSection(ProjectConfigurationPlatforms) = postSolution
		{AB161F37-0B06-4ECB-B3CC-5C3AE4446680}.Debug|Any CPU.ActiveCfg = Debug|Any CPU
		{AB161F37-0B06-4ECB-B3CC-5C3AE4446680}.Debug|Any CPU.Build.0 = Debug|Any CPU
		{AB161F37-0B06-4ECB-B3CC-5C3AE4446680}.Release|Any CPU.ActiveCfg = Release|Any CPU
		{AB161F37-0B06-4ECB-B3CC-5C3AE4446680}.Release|Any CPU.Build.0 = Release|Any CPU
	EndGlobalSection
	GlobalSection(SolutionProperties) = preSolution
		HideSolutionNode = FALSE
	EndGlobalSection
	GlobalSection(ExtensibilityGlobals) = postSolution
		SolutionGuid = {1664B612-C8E2-4AEA-87FC-CDF671C240AD}
	EndGlobalSection
EndGlobal
