
Microsoft Visual Studio Solution File, Format Version 12.00
# Visual Studio Version 16
VisualStudioVersion = 16.0.29911.84
MinimumVisualStudioVersion = 10.0.40219.1
Project("{FAE04EC0-301F-11D3-BF4B-00C04F79EFBC}") = "String Assignment", "String Assignment\String Assignment.csproj", "{433DCDBC-1A3A-4EAA-95BF-ADDA5DA03760}"
EndProject
Global
	GlobalSection(SolutionConfigurationPlatforms) = preSolution
		Debug|Any CPU = Debug|Any CPU
		Release|Any CPU = Release|Any CPU
	EndGlobalSection
	GlobalSection(ProjectConfigurationPlatforms) = postSolution
		{433DCDBC-1A3A-4EAA-95BF-ADDA5DA03760}.Debug|Any CPU.ActiveCfg = Debug|Any CPU
		{433DCDBC-1A3A-4EAA-95BF-ADDA5DA03760}.Debug|Any CPU.Build.0 = Debug|Any CPU
		{433DCDBC-1A3A-4EAA-95BF-ADDA5DA03760}.Release|Any CPU.ActiveCfg = Release|Any CPU
		{433DCDBC-1A3A-4EAA-95BF-ADDA5DA03760}.Release|Any CPU.Build.0 = Release|Any CPU
	EndGlobalSection
	GlobalSection(SolutionProperties) = preSolution
		HideSolutionNode = FALSE
	EndGlobalSection
	GlobalSection(ExtensibilityGlobals) = postSolution
		SolutionGuid = {2EE16709-5C41-4D0F-A12D-DAC42D8779D5}
	EndGlobalSection
EndGlobal
