
Microsoft Visual Studio Solution File, Format Version 12.00
# Visual Studio Version 16
VisualStudioVersion = 16.0.29911.84
MinimumVisualStudioVersion = 10.0.40219.1
Project("{FAE04EC0-301F-11D3-BF4B-00C04F79EFBC}") = "MathMethods", "MathMethods\MathMethods.csproj", "{48D3118F-301A-496A-96D6-2851EBF47BBB}"
EndProject
Global
	GlobalSection(SolutionConfigurationPlatforms) = preSolution
		Debug|Any CPU = Debug|Any CPU
		Release|Any CPU = Release|Any CPU
	EndGlobalSection
	GlobalSection(ProjectConfigurationPlatforms) = postSolution
		{48D3118F-301A-496A-96D6-2851EBF47BBB}.Debug|Any CPU.ActiveCfg = Debug|Any CPU
		{48D3118F-301A-496A-96D6-2851EBF47BBB}.Debug|Any CPU.Build.0 = Debug|Any CPU
		{48D3118F-301A-496A-96D6-2851EBF47BBB}.Release|Any CPU.ActiveCfg = Release|Any CPU
		{48D3118F-301A-496A-96D6-2851EBF47BBB}.Release|Any CPU.Build.0 = Release|Any CPU
	EndGlobalSection
	GlobalSection(SolutionProperties) = preSolution
		HideSolutionNode = FALSE
	EndGlobalSection
	GlobalSection(ExtensibilityGlobals) = postSolution
		SolutionGuid = {2C3C60C6-FEA9-4765-AD19-60B544966BA4}
	EndGlobalSection
EndGlobal
